{
  "requires": true,
  "lockfileVersion": 1,
  "dependencies": {
    "cssom": {
      "version": "0.3.8",
      "resolved": "https://registry.npmjs.org/cssom/-/cssom-0.3.8.tgz",
      "integrity": "sha512-b0tGHbfegbhPJpxpiBPU2sCkigAqtM9O121le6bbOlgyV+NyGyCmVfJ6QW9eRjz8CpNfWEOYBIMIGRYkLwsIYg=="
    },
    "vue-simple-svg": {
      "version": "2.0.2",
      "resolved": "https://registry.npmjs.org/vue-simple-svg/-/vue-simple-svg-2.0.2.tgz",
      "integrity": "sha512-L98WJApnqX8ud3mRSXjwRHXmR0yg8oLNQk+ahrVx3qLjGmF78AOe8Yn254rnTQCFd8MFvFuDmgs35p0OI+uy0Q==",
      "requires": {
        "cssom": "^0.3.2"
      }
    }
  }
}
